// !$*UTF8*$!
{
	archiveVersion = 1;
	classes = {
	};
	objectVersion = 77;
	objects = {

/* Begin PBXContainerItemProxy section */
		66EE8E862F8DDCEB00FCA4DD /* PBXContainerItemProxy */ = {
			isa = PBXContainerItemProxy;
			containerPortal = 66EE8E702F8DDCE900FCA4DD /* Project object */;
			proxyType = 1;
			remoteGlobalIDString = 66EE8E772F8DDCE900FCA4DD;
			remoteInfo = PassengerClient;
		};
		66EE8E902F8DDCEB00FCA4DD /* PBXContainerItemProxy */ = {
			isa = PBXContainerItemProxy;
			containerPortal = 66EE8E702F8DDCE900FCA4DD /* Project object */;
			proxyType = 1;
			remoteGlobalIDString = 66EE8E772F8DDCE900FCA4DD;
			remoteInfo = PassengerClient;
		};
/* End PBXContainerItemProxy section */

/* Begin PBXFileReference section */
		66EE8E782F8DDCE900FCA4DD /* PassengerClient.app */ = {isa = PBXFileReference; explicitFileType = wrapper.application; includeInIndex = 0; path = PassengerClient.app; sourceTree = BUILT_PRODUCTS_DIR; };
		66EE8E852F8DDCEB00FCA4DD /* PassengerClientTests.xctest */ = {isa = PBXFileReference; explicitFileType = wrapper.cfbundle; includeInIndex = 0; path = PassengerClientTests.xctest; sourceTree = BUILT_PRODUCTS_DIR; };
		66EE8E8F2F8DDCEB00FCA4DD /* PassengerClientUITests.xctest */ = {isa = PBXFileReference; explicitFileType = wrapper.cfbundle; includeInIndex = 0; path = PassengerClientUITests.xctest; sourceTree = BUILT_PRODUCTS_DIR; };
/* End PBXFileReference section */

/* Begin PBXFileSystemSynchronizedRootGroup section */
		66EE8E7A2F8DDCE900FCA4DD /* PassengerClient */ = {
			isa = PBXFileSystemSynchronizedRootGroup;
			path = PassengerClient;
			sourceTree = "<group>";
		};
		66EE8E882F8DDCEB00FCA4DD /* PassengerClientTests */ = {
			isa = PBXFileSystemSynchronizedRootGroup;
			path = PassengerClientTests;
			sourceTree = "<group>";
		};
		66EE8E922F8DDCEB00FCA4DD /* PassengerClientUITests */ = {
			isa = PBXFileSystemSynchronizedRootGroup;
			path = PassengerClientUITests;
			sourceTree = "<group>";
		};
/* End PBXFileSystemSynchronizedRootGroup section */

/* Begin PBXFrameworksBuildPhase section */
		66EE8E752F8DDCE900FCA4DD /* Frameworks */ = {
			isa = PBXFrameworksBuildPhase;
			buildActionMask = 2147483647;
			files = (
			);
			runOnlyForDeploymentPostprocessing = 0;
		};
		66EE8E822F8DDCEB00FCA4DD /* Frameworks */ = {
			isa = PBXFrameworksBuildPhase;
			buildActionMask = 2147483647;
			files = (
			);
			runOnlyForDeploymentPostprocessing = 0;
		};
		66EE8E8C2F8DDCEB00FCA4DD /* Frameworks */ = {
			isa = PBXFrameworksBuildPhase;
			buildActionMask = 2147483647;
			files = (
			);
			runOnlyForDeploymentPostprocessing = 0;
		};
/* End PBXFrameworksBuildPhase section */

/* Begin PBXGroup section */
		66EE8E6F2F8DDCE900FCA4DD = {
			isa = PBXGroup;
			children = (
				66EE8E7A2F8DDCE900FCA4DD /* PassengerClient */,
				66EE8E882F8DDCEB00FCA4DD /* PassengerClientTests */,
				66EE8E922F8DDCEB00FCA4DD /* PassengerClientUITests */,
				66EE8E792F8DDCE900FCA4DD /* Products */,
			);
			sourceTree = "<group>";
		};
		66EE8E792F8DDCE900FCA4DD /* Products */ = {
			isa = PBXGroup;
			children = (
				66EE8E782F8DDCE900FCA4DD /* PassengerClient.app */,
				66EE8E852F8DDCEB00FCA4DD /* PassengerClientTests.xctest */,
				66EE8E8F2F8DDCEB00FCA4DD /* PassengerClientUITests.xctest */,
			);
			name = Products;
			sourceTree = "<group>";
		};
/* End PBXGroup section */

/* Begin PBXNativeTarget section */
		66EE8E772F8DDCE900FCA4DD /* PassengerClient */ = {
			isa = PBXNativeTarget;
			buildConfigurationList = 66EE8E992F8DDCEB00FCA4DD /* Build configuration list for PBXNativeTarget "PassengerClient" */;
			buildPhases = (
				66EE8E742F8DDCE900FCA4DD /* Sources */,
				66EE8E752F8DDCE900FCA4DD /* Frameworks */,
				66EE8E762F8DDCE900FCA4DD /* Resources */,
			);
			buildRules = (
			);
			dependencies = (
			);
			fileSystemSynchronizedGroups = (
				66EE8E7A2F8DDCE900FCA4DD /* PassengerClient */,
			);
			name = PassengerClient;
			packageProductDependencies = (
			);
			productName = PassengerClient;
			productReference = 66EE8E782F8DDCE900FCA4DD /* PassengerClient.app */;
			productType = "com.apple.product-type.application";
		};
		66EE8E842F8DDCEB00FCA4DD /* PassengerClientTests */ = {
			isa = PBXNativeTarget;
			buildConfigurationList = 66EE8E9C2F8DDCEB00FCA4DD /* Build configuration list for PBXNativeTarget "PassengerClientTests" */;
			buildPhases = (
				66EE8E812F8DDCEB00FCA4DD /* Sources */,
				66EE8E822F8DDCEB00FCA4DD /* Frameworks */,
				66EE8E832F8DDCEB00FCA4DD /* Resources */,
			);
			buildRules = (
			);
			dependencies = (
				66EE8E872F8DDCEB00FCA4DD /* PBXTargetDependency */,
			);
			fileSystemSynchronizedGroups = (
				66EE8E882F8DDCEB00FCA4DD /* PassengerClientTests */,
			);
			name = PassengerClientTests;
			packageProductDependencies = (
			);
			productName = PassengerClientTests;
			productReference = 66EE8E852F8DDCEB00FCA4DD /* PassengerClientTests.xctest */;
			productType = "com.apple.product-type.bundle.unit-test";
		};
		66EE8E8E2F8DDCEB00FCA4DD /* PassengerClientUITests */ = {
			isa = PBXNativeTarget;
			buildConfigurationList = 66EE8E9F2F8DDCEB00FCA4DD /* Build configuration list for PBXNativeTarget "PassengerClientUITests" */;
			buildPhases = (
				66EE8E8B2F8DDCEB00FCA4DD /* Sources */,
				66EE8E8C2F8DDCEB00FCA4DD /* Frameworks */,
				66EE8E8D2F8DDCEB00FCA4DD /* Resources */,
			);
			buildRules = (
			);
			dependencies = (
				66EE8E912F8DDCEB00FCA4DD /* PBXTargetDependency */,
			);
			fileSystemSynchronizedGroups = (
				66EE8E922F8DDCEB00FCA4DD /* PassengerClientUITests */,
			);
			name = PassengerClientUITests;
			packageProductDependencies = (
			);
			productName = PassengerClientUITests;
			productReference = 66EE8E8F2F8DDCEB00FCA4DD /* PassengerClientUITests.xctest */;
			productType = "com.apple.product-type.bundle.ui-testing";
		};
/* End PBXNativeTarget section */

/* Begin PBXProject section */
		66EE8E702F8DDCE900FCA4DD /* Project object */ = {
			isa = PBXProject;
			attributes = {
				BuildIndependentTargetsInParallel = 1;
				LastSwiftUpdateCheck = 2640;
				LastUpgradeCheck = 2640;
				TargetAttributes = {
					66EE8E772F8DDCE900FCA4DD = {
						CreatedOnToolsVersion = 26.4;
					};
					66EE8E842F8DDCEB00FCA4DD = {
						CreatedOnToolsVersion = 26.4;
						TestTargetID = 66EE8E772F8DDCE900FCA4DD;
					};
					66EE8E8E2F8DDCEB00FCA4DD = {
						CreatedOnToolsVersion = 26.4;
						TestTargetID = 66EE8E772F8DDCE900FCA4DD;
					};
				};
			};
			buildConfigurationList = 66EE8E732F8DDCE900FCA4DD /* Build configuration list for PBXProject "PassengerClient" */;
			developmentRegion = en;
			hasScannedForEncodings = 0;
			knownRegions = (
				en,
				Base,
			);
			mainGroup = 66EE8E6F2F8DDCE900FCA4DD;
			minimizedProjectReferenceProxies = 1;
			preferredProjectObjectVersion = 77;
			productRefGroup = 66EE8E792F8DDCE900FCA4DD /* Products */;
			projectDirPath = "";
			projectRoot = "";
			targets = (
				66EE8E772F8DDCE900FCA4DD /* PassengerClient */,
				66EE8E842F8DDCEB00FCA4DD /* PassengerClientTests */,
				66EE8E8E2F8DDCEB00FCA4DD /* PassengerClientUITests */,
			);
		};
/* End PBXProject section */

/* Begin PBXResourcesBuildPhase section */
		66EE8E762F8DDCE900FCA4DD /* Resources */ = {
			isa = PBXResourcesBuildPhase;
			buildActionMask = 2147483647;
			files = (
			);
			runOnlyForDeploymentPostprocessing = 0;
		};
		66EE8E832F8DDCEB00FCA4DD /* Resources */ = {
			isa = PBXResourcesBuildPhase;
			buildActionMask = 2147483647;
			files = (
			);
			runOnlyForDeploymentPostprocessing = 0;
		};
		66EE8E8D2F8DDCEB00FCA4DD /* Resources */ = {
			isa = PBXResourcesBuildPhase;
			buildActionMask = 2147483647;
			files = (
			);
			runOnlyForDeploymentPostprocessing = 0;
		};
/* End PBXResourcesBuildPhase section */

/* Begin PBXSourcesBuildPhase section */
		66EE8E742F8DDCE900FCA4DD /* Sources */ = {
			isa = PBXSourcesBuildPhase;
			buildActionMask = 2147483647;
			files = (
			);
			runOnlyForDeploymentPostprocessing = 0;
		};
		66EE8E812F8DDCEB00FCA4DD /* Sources */ = {
			isa = PBXSourcesBuildPhase;
			buildActionMask = 2147483647;
			files = (
			);
			runOnlyForDeploymentPostprocessing = 0;
		};
		66EE8E8B2F8DDCEB00FCA4DD /* Sources */ = {
			isa = PBXSourcesBuildPhase;
			buildActionMask = 2147483647;
			files = (
			);
			runOnlyForDeploymentPostprocessing = 0;
		};
/* End PBXSourcesBuildPhase section */

/* Begin PBXTargetDependency section */
		66EE8E872F8DDCEB00FCA4DD /* PBXTargetDependency */ = {
			isa = PBXTargetDependency;
			target = 66EE8E772F8DDCE900FCA4DD /* PassengerClient */;
			targetProxy = 66EE8E862F8DDCEB00FCA4DD /* PBXContainerItemProxy */;
		};
		66EE8E912F8DDCEB00FCA4DD /* PBXTargetDependency */ = {
			isa = PBXTargetDependency;
			target = 66EE8E772F8DDCE900FCA4DD /* PassengerClient */;
			targetProxy = 66EE8E902F8DDCEB00FCA4DD /* PBXContainerItemProxy */;
		};
/* End PBXTargetDependency section */

/* Begin XCBuildConfiguration section */
		66EE8E972F8DDCEB00FCA4DD /* Debug */ = {
			isa = XCBuildConfiguration;
			buildSettings = {
				ALWAYS_SEARCH_USER_PATHS = NO;
				ASSETCATALOG_COMPILER_GENERATE_SWIFT_ASSET_SYMBOL_EXTENSIONS = YES;
				CLANG_ANALYZER_NONNULL = YES;
				CLANG_ANALYZER_NUMBER_OBJECT_CONVERSION = YES_AGGRESSIVE;
				CLANG_CXX_LANGUAGE_STANDARD = "gnu++20";
				CLANG_ENABLE_MODULES = YES;
				CLANG_ENABLE_OBJC_ARC = YES;
				CLANG_ENABLE_OBJC_WEAK = YES;
				CLANG_WARN_BLOCK_CAPTURE_AUTORELEASING = YES;
				CLANG_WARN_BOOL_CONVERSION = YES;
				CLANG_WARN_COMMA = YES;
				CLANG_WARN_CONSTANT_CONVERSION = YES;
				CLANG_WARN_DEPRECATED_OBJC_IMPLEMENTATIONS = YES;
				CLANG_WARN_DIRECT_OBJC_ISA_USAGE = YES_ERROR;
				CLANG_WARN_DOCUMENTATION_COMMENTS = YES;
				CLANG_WARN_EMPTY_BODY = YES;
				CLANG_WARN_ENUM_CONVERSION = YES;
				CLANG_WARN_INFINITE_RECURSION = YES;
				CLANG_WARN_INT_CONVERSION = YES;
				CLANG_WARN_NON_LITERAL_NULL_CONVERSION = YES;
				CLANG_WARN_OBJC_IMPLICIT_RETAIN_SELF = YES;
				CLANG_WARN_OBJC_LITERAL_CONVERSION = YES;
				CLANG_WARN_OBJC_ROOT_CLASS = YES_ERROR;
				CLANG_WARN_QUOTED_INCLUDE_IN_FRAMEWORK_HEADER = YES;
				CLANG_WARN_RANGE_LOOP_ANALYSIS = YES;
				CLANG_WARN_STRICT_PROTOTYPES = YES;
				CLANG_WARN_SUSPICIOUS_MOVE = YES;
				CLANG_WARN_UNGUARDED_AVAILABILITY = YES_AGGRESSIVE;
				CLANG_WARN_UNREACHABLE_CODE = YES;
				CLANG_WARN__DUPLICATE_METHOD_MATCH = YES;
				COPY_PHASE_STRIP = NO;
				DEBUG_INFORMATION_FORMAT = dwarf;
				ENABLE_STRICT_OBJC_MSGSEND = YES;
				ENABLE_TESTABILITY = YES;
				ENABLE_USER_SCRIPT_SANDBOXING = YES;
				GCC_C_LANGUAGE_STANDARD = gnu17;
				GCC_DYNAMIC_NO_PIC = NO;
				GCC_NO_COMMON_BLOCKS = YES;
				GCC_OPTIMIZATION_LEVEL = 0;
				GCC_PREPROCESSOR_DEFINITIONS = (
					"DEBUG=1",
					"$(inherited)",
				);
				GCC_WARN_64_TO_32_BIT_CONVERSION = YES;
				GCC_WARN_ABOUT_RETURN_TYPE = YES_ERROR;
				GCC_WARN_UNDECLARED_SELECTOR = YES;
				GCC_WARN_UNINITIALIZED_AUTOS = YES_AGGRESSIVE;
				GCC_WARN_UNUSED_FUNCTION = YES;
				GCC_WARN_UNUSED_VARIABLE = YES;
				IPHONEOS_DEPLOYMENT_TARGET = 26.4;
				LOCALIZATION_PREFERS_STRING_CATALOGS = YES;
				MTL_ENABLE_DEBUG_INFO = INCLUDE_SOURCE;
				MTL_FAST_MATH = YES;
				ONLY_ACTIVE_ARCH = YES;
				SDKROOT = iphoneos;
				SWIFT_ACTIVE_COMPILATION_CONDITIONS = "DEBUG $(inherited)";
				SWIFT_OPTIMIZATION_LEVEL = "-Onone";
			};
			name = Debug;
		};
		66EE8E982F8DDCEB00FCA4DD /* Release */ = {
			isa = XCBuildConfiguration;
			buildSettings = {
				ALWAYS_SEARCH_USER_PATHS = NO;
				ASSETCATALOG_COMPILER_GENERATE_SWIFT_ASSET_SYMBOL_EXTENSIONS = YES;
				CLANG_ANALYZER_NONNULL = YES;
				CLANG_ANALYZER_NUMBER_OBJECT_CONVERSION = YES_AGGRESSIVE;
				CLANG_CXX_LANGUAGE_STANDARD = "gnu++20";
				CLANG_ENABLE_MODULES = YES;
				CLANG_ENABLE_OBJC_ARC = YES;
				CLANG_ENABLE_OBJC_WEAK = YES;
				CLANG_WARN_BLOCK_CAPTURE_AUTORELEASING = YES;
				CLANG_WARN_BOOL_CONVERSION = YES;
				CLANG_WARN_COMMA = YES;
				CLANG_WARN_CONSTANT_CONVERSION = YES;
				CLANG_WARN_DEPRECATED_OBJC_IMPLEMENTATIONS = YES;
				CLANG_WARN_DIRECT_OBJC_ISA_USAGE = YES_ERROR;
				CLANG_WARN_DOCUMENTATION_COMMENTS = YES;
				CLANG_WARN_EMPTY_BODY = YES;
				CLANG_WARN_ENUM_CONVERSION = YES;
				CLANG_WARN_INFINITE_RECURSION = YES;
				CLANG_WARN_INT_CONVERSION = YES;
				CLANG_WARN_NON_LITERAL_NULL_CONVERSION = YES;
				CLANG_WARN_OBJC_IMPLICIT_RETAIN_SELF = YES;
				CLANG_WARN_OBJC_LITERAL_CONVERSION = YES;
				CLANG_WARN_OBJC_ROOT_CLASS = YES_ERROR;
				CLANG_WARN_QUOTED_INCLUDE_IN_FRAMEWORK_HEADER = YES;
				CLANG_WARN_RANGE_LOOP_ANALYSIS = YES;
				CLANG_WARN_STRICT_PROTOTYPES = YES;
				CLANG_WARN_SUSPICIOUS_MOVE = YES;
				CLANG_WARN_UNGUARDED_AVAILABILITY = YES_AGGRESSIVE;
				CLANG_WARN_UNREACHABLE_CODE = YES;
				CLANG_WARN__DUPLICATE_METHOD_MATCH = YES;
				COPY_PHASE_STRIP = NO;
				DEBUG_INFORMATION_FORMAT = "dwarf-with-dsym";
				ENABLE_NS_ASSERTIONS = NO;
				ENABLE_STRICT_OBJC_MSGSEND = YES;
				ENABLE_USER_SCRIPT_SANDBOXING = YES;
				GCC_C_LANGUAGE_STANDARD = gnu17;
				GCC_NO_COMMON_BLOCKS = YES;
				GCC_WARN_64_TO_32_BIT_CONVERSION = YES;
				GCC_WARN_ABOUT_RETURN_TYPE = YES_ERROR;
				GCC_WARN_UNDECLARED_SELECTOR = YES;
				GCC_WARN_UNINITIALIZED_AUTOS = YES_AGGRESSIVE;
				GCC_WARN_UNUSED_FUNCTION = YES;
				GCC_WARN_UNUSED_VARIABLE = YES;
				IPHONEOS_DEPLOYMENT_TARGET = 26.4;
				LOCALIZATION_PREFERS_STRING_CATALOGS = YES;
				MTL_ENABLE_DEBUG_INFO = NO;
				MTL_FAST_MATH = YES;
				SDKROOT = iphoneos;
				SWIFT_COMPILATION_MODE = wholemodule;
				VALIDATE_PRODUCT = YES;
			};
			name = Release;
		};
		66EE8E9A2F8DDCEB00FCA4DD /* Debug */ = {
			isa = XCBuildConfiguration;
			buildSettings = {
				ASSETCATALOG_COMPILER_APPICON_NAME = AppIcon;
				ASSETCATALOG_COMPILER_GLOBAL_ACCENT_COLOR_NAME = AccentColor;
				CODE_SIGN_STYLE = Automatic;
				CURRENT_PROJECT_VERSION = 1;
				ENABLE_PREVIEWS = YES;
				GENERATE_INFOPLIST_FILE = YES;
				INFOPLIST_KEY_UIApplicationSceneManifest_Generation = YES;
				INFOPLIST_KEY_UIApplicationSupportsIndirectInputEvents = YES;
				INFOPLIST_KEY_UILaunchScreen_Generation = YES;
				INFOPLIST_KEY_UISupportedInterfaceOrientations_iPad = "UIInterfaceOrientationPortrait UIInterfaceOrientationPortraitUpsideDown UIInterfaceOrientationLandscapeLeft UIInterfaceOrientationLandscapeRight";
				INFOPLIST_KEY_UISupportedInterfaceOrientations_iPhone = "UIInterfaceOrientationPortrait UIInterfaceOrientationLandscapeLeft UIInterfaceOrientationLandscapeRight";
				LD_RUNPATH_SEARCH_PATHS = (
					"$(inherited)",
					"@executable_path/Frameworks",
				);
				MARKETING_VERSION = 1.0;
				PRODUCT_BUNDLE_IDENTIFIER = zqh.PassengerClient;
				PRODUCT_NAME = "$(TARGET_NAME)";
				STRING_CATALOG_GENERATE_SYMBOLS = YES;
				SWIFT_APPROACHABLE_CONCURRENCY = YES;
				SWIFT_DEFAULT_ACTOR_ISOLATION = MainActor;
				SWIFT_EMIT_LOC_STRINGS = YES;
				SWIFT_UPCOMING_FEATURE_MEMBER_IMPORT_VISIBILITY = YES;
				SWIFT_VERSION = 5.0;
				TARGETED_DEVICE_FAMILY = "1,2";
			};
			name = Debug;
		};
		66EE8E9B2F8DDCEB00FCA4DD /* Release */ = {
			isa = XCBuildConfiguration;
			buildSettings = {
				ASSETCATALOG_COMPILER_APPICON_NAME = AppIcon;
				ASSETCATALOG_COMPILER_GLOBAL_ACCENT_COLOR_NAME = AccentColor;
				CODE_SIGN_STYLE = Automatic;
				CURRENT_PROJECT_VERSION = 1;
				ENABLE_PREVIEWS = YES;
				GENERATE_INFOPLIST_FILE = YES;
				INFOPLIST_KEY_UIApplicationSceneManifest_Generation = YES;
				INFOPLIST_KEY_UIApplicationSupportsIndirectInputEvents = YES;
				INFOPLIST_KEY_UILaunchScreen_Generation = YES;
				INFOPLIST_KEY_UISupportedInterfaceOrientations_iPad = "UIInterfaceOrientationPortrait UIInterfaceOrientationPortraitUpsideDown UIInterfaceOrientationLandscapeLeft UIInterfaceOrientationLandscapeRight";
				INFOPLIST_KEY_UISupportedInterfaceOrientations_iPhone = "UIInterfaceOrientationPortrait UIInterfaceOrientationLandscapeLeft UIInterfaceOrientationLandscapeRight";
				LD_RUNPATH_SEARCH_PATHS = (
					"$(inherited)",
					"@executable_path/Frameworks",
				);
				MARKETING_VERSION = 1.0;
				PRODUCT_BUNDLE_IDENTIFIER = zqh.PassengerClient;
				PRODUCT_NAME = "$(TARGET_NAME)";
				STRING_CATALOG_GENERATE_SYMBOLS = YES;
				SWIFT_APPROACHABLE_CONCURRENCY = YES;
				SWIFT_DEFAULT_ACTOR_ISOLATION = MainActor;
				SWIFT_EMIT_LOC_STRINGS = YES;
				SWIFT_UPCOMING_FEATURE_MEMBER_IMPORT_VISIBILITY = YES;
				SWIFT_VERSION = 5.0;
				TARGETED_DEVICE_FAMILY = "1,2";
			};
			name = Release;
		};
		66EE8E9D2F8DDCEB00FCA4DD /* Debug */ = {
			isa = XCBuildConfiguration;
			buildSettings = {
				BUNDLE_LOADER = "$(TEST_HOST)";
				CODE_SIGN_STYLE = Automatic;
				CURRENT_PROJECT_VERSION = 1;
				GENERATE_INFOPLIST_FILE = YES;
				IPHONEOS_DEPLOYMENT_TARGET = 26.4;
				MARKETING_VERSION = 1.0;
				PRODUCT_BUNDLE_IDENTIFIER = zqh.PassengerClientTests;
				PRODUCT_NAME = "$(TARGET_NAME)";
				STRING_CATALOG_GENERATE_SYMBOLS = NO;
				SWIFT_APPROACHABLE_CONCURRENCY = YES;
				SWIFT_EMIT_LOC_STRINGS = NO;
				SWIFT_UPCOMING_FEATURE_MEMBER_IMPORT_VISIBILITY = YES;
				SWIFT_VERSION = 5.0;
				TARGETED_DEVICE_FAMILY = "1,2";
				TEST_HOST = "$(BUILT_PRODUCTS_DIR)/PassengerClient.app/$(BUNDLE_EXECUTABLE_FOLDER_PATH)/PassengerClient";
			};
			name = Debug;
		};
		66EE8E9E2F8DDCEB00FCA4DD /* Release */ = {
			isa = XCBuildConfiguration;
			buildSettings = {
				BUNDLE_LOADER = "$(TEST_HOST)";
				CODE_SIGN_STYLE = Automatic;
				CURRENT_PROJECT_VERSION = 1;
				GENERATE_INFOPLIST_FILE = YES;
				IPHONEOS_DEPLOYMENT_TARGET = 26.4;
				MARKETING_VERSION = 1.0;
				PRODUCT_BUNDLE_IDENTIFIER = zqh.PassengerClientTests;
				PRODUCT_NAME = "$(TARGET_NAME)";
				STRING_CATALOG_GENERATE_SYMBOLS = NO;
				SWIFT_APPROACHABLE_CONCURRENCY = YES;
				SWIFT_EMIT_LOC_STRINGS = NO;
				SWIFT_UPCOMING_FEATURE_MEMBER_IMPORT_VISIBILITY = YES;
				SWIFT_VERSION = 5.0;
				TARGETED_DEVICE_FAMILY = "1,2";
				TEST_HOST = "$(BUILT_PRODUCTS_DIR)/PassengerClient.app/$(BUNDLE_EXECUTABLE_FOLDER_PATH)/PassengerClient";
			};
			name = Release;
		};
		66EE8EA02F8DDCEB00FCA4DD /* Debug */ = {
			isa = XCBuildConfiguration;
			buildSettings = {
				CODE_SIGN_STYLE = Automatic;
				CURRENT_PROJECT_VERSION = 1;
				GENERATE_INFOPLIST_FILE = YES;
				MARKETING_VERSION = 1.0;
				PRODUCT_BUNDLE_IDENTIFIER = zqh.PassengerClientUITests;
				PRODUCT_NAME = "$(TARGET_NAME)";
				STRING_CATALOG_GENERATE_SYMBOLS = NO;
				SWIFT_APPROACHABLE_CONCURRENCY = YES;
				SWIFT_EMIT_LOC_STRINGS = NO;
				SWIFT_UPCOMING_FEATURE_MEMBER_IMPORT_VISIBILITY = YES;
				SWIFT_VERSION = 5.0;
				TARGETED_DEVICE_FAMILY = "1,2";
				TEST_TARGET_NAME = PassengerClient;
			};
			name = Debug;
		};
		66EE8EA12F8DDCEB00FCA4DD /* Release */ = {
			isa = XCBuildConfiguration;
			buildSettings = {
				CODE_SIGN_STYLE = Automatic;
				CURRENT_PROJECT_VERSION = 1;
				GENERATE_INFOPLIST_FILE = YES;
				MARKETING_VERSION = 1.0;
				PRODUCT_BUNDLE_IDENTIFIER = zqh.PassengerClientUITests;
				PRODUCT_NAME = "$(TARGET_NAME)";
				STRING_CATALOG_GENERATE_SYMBOLS = NO;
				SWIFT_APPROACHABLE_CONCURRENCY = YES;
				SWIFT_EMIT_LOC_STRINGS = NO;
				SWIFT_UPCOMING_FEATURE_MEMBER_IMPORT_VISIBILITY = YES;
				SWIFT_VERSION = 5.0;
				TARGETED_DEVICE_FAMILY = "1,2";
				TEST_TARGET_NAME = PassengerClient;
			};
			name = Release;
		};
/* End XCBuildConfiguration section */

/* Begin XCConfigurationList section */
		66EE8E732F8DDCE900FCA4DD /* Build configuration list for PBXProject "PassengerClient" */ = {
			isa = XCConfigurationList;
			buildConfigurations = (
				66EE8E972F8DDCEB00FCA4DD /* Debug */,
				66EE8E982F8DDCEB00FCA4DD /* Release */,
			);
			defaultConfigurationIsVisible = 0;
			defaultConfigurationName = Release;
		};
		66EE8E992F8DDCEB00FCA4DD /* Build configuration list for PBXNativeTarget "PassengerClient" */ = {
			isa = XCConfigurationList;
			buildConfigurations = (
				66EE8E9A2F8DDCEB00FCA4DD /* Debug */,
				66EE8E9B2F8DDCEB00FCA4DD /* Release */,
			);
			defaultConfigurationIsVisible = 0;
			defaultConfigurationName = Release;
		};
		66EE8E9C2F8DDCEB00FCA4DD /* Build configuration list for PBXNativeTarget "PassengerClientTests" */ = {
			isa = XCConfigurationList;
			buildConfigurations = (
				66EE8E9D2F8DDCEB00FCA4DD /* Debug */,
				66EE8E9E2F8DDCEB00FCA4DD /* Release */,
			);
			defaultConfigurationIsVisible = 0;
			defaultConfigurationName = Release;
		};
		66EE8E9F2F8DDCEB00FCA4DD /* Build configuration list for PBXNativeTarget "PassengerClientUITests" */ = {
			isa = XCConfigurationList;
			buildConfigurations = (
				66EE8EA02F8DDCEB00FCA4DD /* Debug */,
				66EE8EA12F8DDCEB00FCA4DD /* Release */,
			);
			defaultConfigurationIsVisible = 0;
			defaultConfigurationName = Release;
		};
/* End XCConfigurationList section */
	};
	rootObject = 66EE8E702F8DDCE900FCA4DD /* Project object */;
}
